{
  "name": "gozamadrid-aws",
  "version": "1.0.0",
  "lockfileVersion": 3,
  "requires": true,
  "packages": {
    "": {
      "name": "gozamadrid-aws",
      "version": "1.0.0",
      "hasInstallScript": true,
      "license": "ISC",
      "dependencies": {
        "itty-router": "5.0.18"
      },
      "engines": {
        "node": ">=18.0.0",
        "npm": ">=8.0.0"
      }
    },
    "node_modules/itty-router": {
      "version": "5.0.18",
      "resolved": "https://registry.npmjs.org/itty-router/-/itty-router-5.0.18.tgz",
      "integrity": "sha512-mK3ReOt4ARAGy0V0J7uHmArG2USN2x0zprZ+u+YgmeRjXTDbaowDy3kPcsmQY6tH+uHhDgpWit9Vqmv/4rTXwA==",
      "license": "MIT"
    }
  }
}
